
Microsoft Visual Studio Solution File, Format Version 12.00
# Visual Studio Version 16
VisualStudioVersion = 16.0.30804.86
MinimumVisualStudioVersion = 10.0.40219.1
Project("{FAE04EC0-301F-11D3-BF4B-00C04F79EFBC}") = "CalculadoraSignos", "CalculadoraSignos\CalculadoraSignos.csproj", "{DCAFFE23-A34E-4756-9123-F226FF3D9BC5}"
EndProject
Global
	GlobalSection(SolutionConfigurationPlatforms) = preSolution
		Debug|Any CPU = Debug|Any CPU
		Release|Any CPU = Release|Any CPU
	EndGlobalSection
	GlobalSection(ProjectConfigurationPlatforms) = postSolution
		{DCAFFE23-A34E-4756-9123-F226FF3D9BC5}.Debug|Any CPU.ActiveCfg = Debug|Any CPU
		{DCAFFE23-A34E-4756-9123-F226FF3D9BC5}.Debug|Any CPU.Build.0 = Debug|Any CPU
		{DCAFFE23-A34E-4756-9123-F226FF3D9BC5}.Release|Any CPU.ActiveCfg = Release|Any CPU
		{DCAFFE23-A34E-4756-9123-F226FF3D9BC5}.Release|Any CPU.Build.0 = Release|Any CPU
	EndGlobalSection
	GlobalSection(SolutionProperties) = preSolution
		HideSolutionNode = FALSE
	EndGlobalSection
	GlobalSection(ExtensibilityGlobals) = postSolution
		SolutionGuid = {7007CE22-165E-4CFB-8D88-40259A091090}
	EndGlobalSection
EndGlobal
